
Microsoft Visual Studio Solution File, Format Version 12.00
# Visual Studio Version 16
VisualStudioVersion = 16.0.30717.126
MinimumVisualStudioVersion = 10.0.40219.1
Project("{FAE04EC0-301F-11D3-BF4B-00C04F79EFBC}") = "Gift", "Gift.csproj", "{049CA839-F173-4D82-9F74-E1097EAD90C2}"
EndProject
Global
	GlobalSection(SolutionConfigurationPlatforms) = preSolution
		Debug|Any CPU = Debug|Any CPU
		Release|Any CPU = Release|Any CPU
	EndGlobalSection
	GlobalSection(ProjectConfigurationPlatforms) = postSolution
		{049CA839-F173-4D82-9F74-E1097EAD90C2}.Debug|Any CPU.ActiveCfg = Debug|Any CPU
		{049CA839-F173-4D82-9F74-E1097EAD90C2}.Debug|Any CPU.Build.0 = Debug|Any CPU
		{049CA839-F173-4D82-9F74-E1097EAD90C2}.Release|Any CPU.ActiveCfg = Release|Any CPU
		{049CA839-F173-4D82-9F74-E1097EAD90C2}.Release|Any CPU.Build.0 = Release|Any CPU
	EndGlobalSection
	GlobalSection(SolutionProperties) = preSolution
		HideSolutionNode = FALSE
	EndGlobalSection
	GlobalSection(ExtensibilityGlobals) = postSolution
		SolutionGuid = {808D758A-5785-40E4-B026-0DEEB7B510DA}
	EndGlobalSection
EndGlobal
